
Microsoft Visual Studio Solution File, Format Version 12.00
# Visual Studio Version 16
VisualStudioVersion = 16.0.29215.179
MinimumVisualStudioVersion = 10.0.40219.1
Project("{FAE04EC0-301F-11D3-BF4B-00C04F79EFBC}") = "Did365App", "Did365App.csproj", "{40E865B1-512D-4BFF-82D2-6A1179CE02F4}"
EndProject
Global
	GlobalSection(SolutionConfigurationPlatforms) = preSolution
		Debug|Any CPU = Debug|Any CPU
		Local|Any CPU = Local|Any CPU
		Release|Any CPU = Release|Any CPU
	EndGlobalSection
	GlobalSection(ProjectConfigurationPlatforms) = postSolution
		{40E865B1-512D-4BFF-82D2-6A1179CE02F4}.Debug|Any CPU.ActiveCfg = Debug|Any CPU
		{40E865B1-512D-4BFF-82D2-6A1179CE02F4}.Debug|Any CPU.Build.0 = Debug|Any CPU
		{40E865B1-512D-4BFF-82D2-6A1179CE02F4}.Local|Any CPU.ActiveCfg = Local|Any CPU
		{40E865B1-512D-4BFF-82D2-6A1179CE02F4}.Local|Any CPU.Build.0 = Local|Any CPU
		{40E865B1-512D-4BFF-82D2-6A1179CE02F4}.Release|Any CPU.ActiveCfg = Release|Any CPU
		{40E865B1-512D-4BFF-82D2-6A1179CE02F4}.Release|Any CPU.Build.0 = Release|Any CPU
	EndGlobalSection
	GlobalSection(SolutionProperties) = preSolution
		HideSolutionNode = FALSE
	EndGlobalSection
	GlobalSection(ExtensibilityGlobals) = postSolution
		SolutionGuid = {2AD5D019-61F4-4329-8876-9DBE5D49D95F}
	EndGlobalSection
EndGlobal
